
Microsoft Visual Studio Solution File, Format Version 12.00
# Visual Studio Version 17
VisualStudioVersion = 17.10.35013.160
MinimumVisualStudioVersion = 10.0.40219.1
Project("{FAE04EC0-301F-11D3-BF4B-00C04F79EFBC}") = "P6_Examen1", "P6_Examen1\P6_Examen1.csproj", "{E6F45E69-87B7-4CFF-8C8C-CAFEE6E95CEA}"
EndProject
Global
	GlobalSection(SolutionConfigurationPlatforms) = preSolution
		Debug|Any CPU = Debug|Any CPU
		Release|Any CPU = Release|Any CPU
	EndGlobalSection
	GlobalSection(ProjectConfigurationPlatforms) = postSolution
		{E6F45E69-87B7-4CFF-8C8C-CAFEE6E95CEA}.Debug|Any CPU.ActiveCfg = Debug|Any CPU
		{E6F45E69-87B7-4CFF-8C8C-CAFEE6E95CEA}.Debug|Any CPU.Build.0 = Debug|Any CPU
		{E6F45E69-87B7-4CFF-8C8C-CAFEE6E95CEA}.Release|Any CPU.ActiveCfg = Release|Any CPU
		{E6F45E69-87B7-4CFF-8C8C-CAFEE6E95CEA}.Release|Any CPU.Build.0 = Release|Any CPU
	EndGlobalSection
	GlobalSection(SolutionProperties) = preSolution
		HideSolutionNode = FALSE
	EndGlobalSection
	GlobalSection(ExtensibilityGlobals) = postSolution
		SolutionGuid = {4A8337C1-41BC-4650-9BCE-96F19C0690BD}
	EndGlobalSection
EndGlobal
